
Microsoft Visual Studio Solution File, Format Version 12.00
# Visual Studio Version 17
VisualStudioVersion = 17.14.36717.8 d17.14
MinimumVisualStudioVersion = 10.0.40219.1
Project("{8BC9CEB8-8B4A-11D0-8D11-00A0C91BC942}") = "26_2_28", "26_2_28.vcxproj", "{9A6C1E66-7142-4856-A3EB-9DBD47CBF352}"
EndProject
Global
	GlobalSection(SolutionConfigurationPlatforms) = preSolution
		Debug|x64 = Debug|x64
		Debug|x86 = Debug|x86
		Release|x64 = Release|x64
		Release|x86 = Release|x86
	EndGlobalSection
	GlobalSection(ProjectConfigurationPlatforms) = postSolution
		{9A6C1E66-7142-4856-A3EB-9DBD47CBF352}.Debug|x64.ActiveCfg = Debug|x64
		{9A6C1E66-7142-4856-A3EB-9DBD47CBF352}.Debug|x64.Build.0 = Debug|x64
		{9A6C1E66-7142-4856-A3EB-9DBD47CBF352}.Debug|x86.ActiveCfg = Debug|Win32
		{9A6C1E66-7142-4856-A3EB-9DBD47CBF352}.Debug|x86.Build.0 = Debug|Win32
		{9A6C1E66-7142-4856-A3EB-9DBD47CBF352}.Release|x64.ActiveCfg = Release|x64
		{9A6C1E66-7142-4856-A3EB-9DBD47CBF352}.Release|x64.Build.0 = Release|x64
		{9A6C1E66-7142-4856-A3EB-9DBD47CBF352}.Release|x86.ActiveCfg = Release|Win32
		{9A6C1E66-7142-4856-A3EB-9DBD47CBF352}.Release|x86.Build.0 = Release|Win32
	EndGlobalSection
	GlobalSection(SolutionProperties) = preSolution
		HideSolutionNode = FALSE
	EndGlobalSection
	GlobalSection(ExtensibilityGlobals) = postSolution
		SolutionGuid = {5E73EA1F-4920-494A-8283-AAE6CABF0441}
	EndGlobalSection
EndGlobal
