
Microsoft Visual Studio Solution File, Format Version 12.00
# Visual Studio Version 17
VisualStudioVersion = 17.14.36717.8 d17.14
MinimumVisualStudioVersion = 10.0.40219.1
Project("{8BC9CEB8-8B4A-11D0-8D11-00A0C91BC942}") = "26_3_18", "26_3_18.vcxproj", "{81F9DF86-99CD-4661-B260-E5B0E7783B2F}"
EndProject
Global
	GlobalSection(SolutionConfigurationPlatforms) = preSolution
		Debug|x64 = Debug|x64
		Debug|x86 = Debug|x86
		Release|x64 = Release|x64
		Release|x86 = Release|x86
	EndGlobalSection
	GlobalSection(ProjectConfigurationPlatforms) = postSolution
		{81F9DF86-99CD-4661-B260-E5B0E7783B2F}.Debug|x64.ActiveCfg = Debug|x64
		{81F9DF86-99CD-4661-B260-E5B0E7783B2F}.Debug|x64.Build.0 = Debug|x64
		{81F9DF86-99CD-4661-B260-E5B0E7783B2F}.Debug|x86.ActiveCfg = Debug|Win32
		{81F9DF86-99CD-4661-B260-E5B0E7783B2F}.Debug|x86.Build.0 = Debug|Win32
		{81F9DF86-99CD-4661-B260-E5B0E7783B2F}.Release|x64.ActiveCfg = Release|x64
		{81F9DF86-99CD-4661-B260-E5B0E7783B2F}.Release|x64.Build.0 = Release|x64
		{81F9DF86-99CD-4661-B260-E5B0E7783B2F}.Release|x86.ActiveCfg = Release|Win32
		{81F9DF86-99CD-4661-B260-E5B0E7783B2F}.Release|x86.Build.0 = Release|Win32
	EndGlobalSection
	GlobalSection(SolutionProperties) = preSolution
		HideSolutionNode = FALSE
	EndGlobalSection
	GlobalSection(ExtensibilityGlobals) = postSolution
		SolutionGuid = {E7EADF2F-435A-4ECB-875F-F7B78A9A4CE3}
	EndGlobalSection
EndGlobal
